// !$*UTF8*$!
{
	archiveVersion = 1;
	classes = {
	};
	objectVersion = 55;
	objects = {

/* Begin PBXBuildFile section */
		7E31918E282384AC00D3012F /* ZooGuideApp.swift in Sources */ = {isa = PBXBuildFile; fileRef = 7E31917E282384A200D3012F /* ZooGuideApp.swift */; };
		7E31918F282384AC00D3012F /* ZooGuideApp.swift in Sources */ = {isa = PBXBuildFile; fileRef = 7E31917E282384A200D3012F /* ZooGuideApp.swift */; };
		7E319190282384AC00D3012F /* ContentView.swift in Sources */ = {isa = PBXBuildFile; fileRef = 7E31917F282384A200D3012F /* ContentView.swift */; };
		7E319191282384AC00D3012F /* ContentView.swift in Sources */ = {isa = PBXBuildFile; fileRef = 7E31917F282384A200D3012F /* ContentView.swift */; };
		7E319192282384AC00D3012F /* Assets.xcassets in Resources */ = {isa = PBXBuildFile; fileRef = 7E319180282384AC00D3012F /* Assets.xcassets */; };
		7E319193282384AC00D3012F /* Assets.xcassets in Resources */ = {isa = PBXBuildFile; fileRef = 7E319180282384AC00D3012F /* Assets.xcassets */; };
		7E31919D282387E600D3012F /* AnimalStore.swift in Sources */ = {isa = PBXBuildFile; fileRef = 7E31919C282387E600D3012F /* AnimalStore.swift */; };
		7E31919E282387E600D3012F /* AnimalStore.swift in Sources */ = {isa = PBXBuildFile; fileRef = 7E31919C282387E600D3012F /* AnimalStore.swift */; };
		7E3191A32823884000D3012F /* Animal.swift in Sources */ = {isa = PBXBuildFile; fileRef = 7E3191A22823884000D3012F /* Animal.swift */; };
		7E3191A42823884000D3012F /* Animal.swift in Sources */ = {isa = PBXBuildFile; fileRef = 7E3191A22823884000D3012F /* Animal.swift */; };
		7E3191A628238A7F00D3012F /* AnimalData.json in Resources */ = {isa = PBXBuildFile; fileRef = 7E3191A528238A7F00D3012F /* AnimalData.json */; };
		7E3191A728238A7F00D3012F /* AnimalData.json in Resources */ = {isa = PBXBuildFile; fileRef = 7E3191A528238A7F00D3012F /* AnimalData.json */; };
		7E3191A928238A8C00D3012F /* AnimalDetail.swift in Sources */ = {isa = PBXBuildFile; fileRef = 7E3191A828238A8C00D3012F /* AnimalDetail.swift */; };
		7E3191AA28238A8C00D3012F /* AnimalDetail.swift in Sources */ = {isa = PBXBuildFile; fileRef = 7E3191A828238A8C00D3012F /* AnimalDetail.swift */; };
		7E3191AC28238BB600D3012F /* AnimalData.swift in Sources */ = {isa = PBXBuildFile; fileRef = 7E3191AB28238BB600D3012F /* AnimalData.swift */; };
		7E3191AD28238BB600D3012F /* AnimalData.swift in Sources */ = {isa = PBXBuildFile; fileRef = 7E3191AB28238BB600D3012F /* AnimalData.swift */; };
/* End PBXBuildFile section */

/* Begin PBXFileReference section */
		7E31917E282384A200D3012F /* ZooGuideApp.swift */ = {isa = PBXFileReference; lastKnownFileType = sourcecode.swift; path = ZooGuideApp.swift; sourceTree = "<group>"; };
		7E31917F282384A200D3012F /* ContentView.swift */ = {isa = PBXFileReference; lastKnownFileType = sourcecode.swift; path = ContentView.swift; sourceTree = "<group>"; };
		7E319180282384AC00D3012F /* Assets.xcassets */ = {isa = PBXFileReference; lastKnownFileType = folder.assetcatalog; path = Assets.xcassets; sourceTree = "<group>"; };
		7E319185282384AC00D3012F /* ZooGuide.app */ = {isa = PBXFileReference; explicitFileType = wrapper.application; includeInIndex = 0; path = ZooGuide.app; sourceTree = BUILT_PRODUCTS_DIR; };
		7E31918B282384AC00D3012F /* ZooGuide.app */ = {isa = PBXFileReference; explicitFileType = wrapper.application; includeInIndex = 0; path = ZooGuide.app; sourceTree = BUILT_PRODUCTS_DIR; };
		7E31918D282384AC00D3012F /* macOS.entitlements */ = {isa = PBXFileReference; lastKnownFileType = text.plist.entitlements; path = macOS.entitlements; sourceTree = "<group>"; };
		7E31919C282387E600D3012F /* AnimalStore.swift */ = {isa = PBXFileReference; lastKnownFileType = sourcecode.swift; path = AnimalStore.swift; sourceTree = "<group>"; };
		7E3191A22823884000D3012F /* Animal.swift */ = {isa = PBXFileReference; lastKnownFileType = sourcecode.swift; path = Animal.swift; sourceTree = "<group>"; };
		7E3191A528238A7F00D3012F /* AnimalData.json */ = {isa = PBXFileReference; fileEncoding = 4; lastKnownFileType = text.json; path = AnimalData.json; sourceTree = "<group>"; };
		7E3191A828238A8C00D3012F /* AnimalDetail.swift */ = {isa = PBXFileReference; fileEncoding = 4; lastKnownFileType = sourcecode.swift; path = AnimalDetail.swift; sourceTree = "<group>"; };
		7E3191AB28238BB600D3012F /* AnimalData.swift */ = {isa = PBXFileReference; fileEncoding = 4; lastKnownFileType = sourcecode.swift; path = AnimalData.swift; sourceTree = "<group>"; };
/* End PBXFileReference section */

/* Begin PBXFrameworksBuildPhase section */
		7E319182282384AC00D3012F /* Frameworks */ = {
			isa = PBXFrameworksBuildPhase;
			buildActionMask = 2147483647;
			files = (
			);
			runOnlyForDeploymentPostprocessing = 0;
		};
		7E319188282384AC00D3012F /* Frameworks */ = {
			isa = PBXFrameworksBuildPhase;
			buildActionMask = 2147483647;
			files = (
			);
			runOnlyForDeploymentPostprocessing = 0;
		};
/* End PBXFrameworksBuildPhase section */

/* Begin PBXGroup section */
		7E319178282384A200D3012F = {
			isa = PBXGroup;
			children = (
				7E31917D282384A200D3012F /* Shared */,
				7E31918C282384AC00D3012F /* macOS */,
				7E319186282384AC00D3012F /* Products */,
			);
			sourceTree = "<group>";
		};
		7E31917D282384A200D3012F /* Shared */ = {
			isa = PBXGroup;
			children = (
				7E31917E282384A200D3012F /* ZooGuideApp.swift */,
				7E31917F282384A200D3012F /* ContentView.swift */,
				7E31919C282387E600D3012F /* AnimalStore.swift */,
				7E3191A22823884000D3012F /* Animal.swift */,
				7E3191A828238A8C00D3012F /* AnimalDetail.swift */,
				7E3191AB28238BB600D3012F /* AnimalData.swift */,
				7E3191A528238A7F00D3012F /* AnimalData.json */,
				7E319180282384AC00D3012F /* Assets.xcassets */,
			);
			path = Shared;
			sourceTree = "<group>";
		};
		7E319186282384AC00D3012F /* Products */ = {
			isa = PBXGroup;
			children = (
				7E319185282384AC00D3012F /* ZooGuide.app */,
				7E31918B282384AC00D3012F /* ZooGuide.app */,
			);
			name = Products;
			sourceTree = "<group>";
		};
		7E31918C282384AC00D3012F /* macOS */ = {
			isa = PBXGroup;
			children = (
				7E31918D282384AC00D3012F /* macOS.entitlements */,
			);
			path = macOS;
			sourceTree = "<group>";
		};
/* End PBXGroup section */

/* Begin PBXNativeTarget section */
		7E319184282384AC00D3012F /* ZooGuide (iOS) */ = {
			isa = PBXNativeTarget;
			buildConfigurationList = 7E319196282384AC00D3012F /* Build configuration list for PBXNativeTarget "ZooGuide (iOS)" */;
			buildPhases = (
				7E319181282384AC00D3012F /* Sources */,
				7E319182282384AC00D3012F /* Frameworks */,
				7E319183282384AC00D3012F /* Resources */,
			);
			buildRules = (
			);
			dependencies = (
			);
			name = "ZooGuide (iOS)";
			productName = "ZooGuide (iOS)";
			productReference = 7E319185282384AC00D3012F /* ZooGuide.app */;
			productType = "com.apple.product-type.application";
		};
		7E31918A282384AC00D3012F /* ZooGuide (macOS) */ = {
			isa = PBXNativeTarget;
			buildConfigurationList = 7E319199282384AC00D3012F /* Build configuration list for PBXNativeTarget "ZooGuide (macOS)" */;
			buildPhases = (
				7E319187282384AC00D3012F /* Sources */,
				7E319188282384AC00D3012F /* Frameworks */,
				7E319189282384AC00D3012F /* Resources */,
			);
			buildRules = (
			);
			dependencies = (
			);
			name = "ZooGuide (macOS)";
			productName = "ZooGuide (macOS)";
			productReference = 7E31918B282384AC00D3012F /* ZooGuide.app */;
			productType = "com.apple.product-type.application";
		};
/* End PBXNativeTarget section */

/* Begin PBXProject section */
		7E319179282384A200D3012F /* Project object */ = {
			isa = PBXProject;
			attributes = {
				BuildIndependentTargetsInParallel = 1;
				LastSwiftUpdateCheck = 1330;
				LastUpgradeCheck = 1330;
				TargetAttributes = {
					7E319184282384AC00D3012F = {
						CreatedOnToolsVersion = 13.3;
					};
					7E31918A282384AC00D3012F = {
						CreatedOnToolsVersion = 13.3;
					};
				};
			};
			buildConfigurationList = 7E31917C282384A200D3012F /* Build configuration list for PBXProject "ZooGuide" */;
			compatibilityVersion = "Xcode 13.0";
			developmentRegion = en;
			hasScannedForEncodings = 0;
			knownRegions = (
				en,
				Base,
			);
			mainGroup = 7E319178282384A200D3012F;
			productRefGroup = 7E319186282384AC00D3012F /* Products */;
			projectDirPath = "";
			projectRoot = "";
			targets = (
				7E319184282384AC00D3012F /* ZooGuide (iOS) */,
				7E31918A282384AC00D3012F /* ZooGuide (macOS) */,
			);
		};
/* End PBXProject section */

/* Begin PBXResourcesBuildPhase section */
		7E319183282384AC00D3012F /* Resources */ = {
			isa = PBXResourcesBuildPhase;
			buildActionMask = 2147483647;
			files = (
				7E319192282384AC00D3012F /* Assets.xcassets in Resources */,
				7E3191A628238A7F00D3012F /* AnimalData.json in Resources */,
			);
			runOnlyForDeploymentPostprocessing = 0;
		};
		7E319189282384AC00D3012F /* Resources */ = {
			isa = PBXResourcesBuildPhase;
			buildActionMask = 2147483647;
			files = (
				7E319193282384AC00D3012F /* Assets.xcassets in Resources */,
				7E3191A728238A7F00D3012F /* AnimalData.json in Resources */,
			);
			runOnlyForDeploymentPostprocessing = 0;
		};
/* End PBXResourcesBuildPhase section */

/* Begin PBXSourcesBuildPhase section */
		7E319181282384AC00D3012F /* Sources */ = {
			isa = PBXSourcesBuildPhase;
			buildActionMask = 2147483647;
			files = (
				7E31919D282387E600D3012F /* AnimalStore.swift in Sources */,
				7E3191AC28238BB600D3012F /* AnimalData.swift in Sources */,
				7E3191A32823884000D3012F /* Animal.swift in Sources */,
				7E319190282384AC00D3012F /* ContentView.swift in Sources */,
				7E31918E282384AC00D3012F /* ZooGuideApp.swift in Sources */,
				7E3191A928238A8C00D3012F /* AnimalDetail.swift in Sources */,
			);
			runOnlyForDeploymentPostprocessing = 0;
		};
		7E319187282384AC00D3012F /* Sources */ = {
			isa = PBXSourcesBuildPhase;
			buildActionMask = 2147483647;
			files = (
				7E31919E282387E600D3012F /* AnimalStore.swift in Sources */,
				7E3191AD28238BB600D3012F /* AnimalData.swift in Sources */,
				7E3191A42823884000D3012F /* Animal.swift in Sources */,
				7E319191282384AC00D3012F /* ContentView.swift in Sources */,
				7E31918F282384AC00D3012F /* ZooGuideApp.swift in Sources */,
				7E3191AA28238A8C00D3012F /* AnimalDetail.swift in Sources */,
			);
			runOnlyForDeploymentPostprocessing = 0;
		};
/* End PBXSourcesBuildPhase section */

/* Begin XCBuildConfiguration section */
		7E319194282384AC00D3012F /* Debug */ = {
			isa = XCBuildConfiguration;
			buildSettings = {
				ALWAYS_SEARCH_USER_PATHS = NO;
				CLANG_ANALYZER_NONNULL = YES;
				CLANG_ANALYZER_NUMBER_OBJECT_CONVERSION = YES_AGGRESSIVE;
				CLANG_CXX_LANGUAGE_STANDARD = "gnu++17";
				CLANG_ENABLE_MODULES = YES;
				CLANG_ENABLE_OBJC_ARC = YES;
				CLANG_ENABLE_OBJC_WEAK = YES;
				CLANG_WARN_BLOCK_CAPTURE_AUTORELEASING = YES;
				CLANG_WARN_BOOL_CONVERSION = YES;
				CLANG_WARN_COMMA = YES;
				CLANG_WARN_CONSTANT_CONVERSION = YES;
				CLANG_WARN_DEPRECATED_OBJC_IMPLEMENTATIONS = YES;
				CLANG_WARN_DIRECT_OBJC_ISA_USAGE = YES_ERROR;
				CLANG_WARN_DOCUMENTATION_COMMENTS = YES;
				CLANG_WARN_EMPTY_BODY = YES;
				CLANG_WARN_ENUM_CONVERSION = YES;
				CLANG_WARN_INFINITE_RECURSION = YES;
				CLANG_WARN_INT_CONVERSION = YES;
				CLANG_WARN_NON_LITERAL_NULL_CONVERSION = YES;
				CLANG_WARN_OBJC_IMPLICIT_RETAIN_SELF = YES;
				CLANG_WARN_OBJC_LITERAL_CONVERSION = YES;
				CLANG_WARN_OBJC_ROOT_CLASS = YES_ERROR;
				CLANG_WARN_QUOTED_INCLUDE_IN_FRAMEWORK_HEADER = YES;
				CLANG_WARN_RANGE_LOOP_ANALYSIS = YES;
				CLANG_WARN_STRICT_PROTOTYPES = YES;
				CLANG_WARN_SUSPICIOUS_MOVE = YES;
				CLANG_WARN_UNGUARDED_AVAILABILITY = YES_AGGRESSIVE;
				CLANG_WARN_UNREACHABLE_CODE = YES;
				CLANG_WARN__DUPLICATE_METHOD_MATCH = YES;
				COPY_PHASE_STRIP = NO;
				DEBUG_INFORMATION_FORMAT = dwarf;
				ENABLE_STRICT_OBJC_MSGSEND = YES;
				ENABLE_TESTABILITY = YES;
				GCC_C_LANGUAGE_STANDARD = gnu11;
				GCC_DYNAMIC_NO_PIC = NO;
				GCC_NO_COMMON_BLOCKS = YES;
				GCC_OPTIMIZATION_LEVEL = 0;
				GCC_PREPROCESSOR_DEFINITIONS = (
					"DEBUG=1",
					"$(inherited)",
				);
				GCC_WARN_64_TO_32_BIT_CONVERSION = YES;
				GCC_WARN_ABOUT_RETURN_TYPE = YES_ERROR;
				GCC_WARN_UNDECLARED_SELECTOR = YES;
				GCC_WARN_UNINITIALIZED_AUTOS = YES_AGGRESSIVE;
				GCC_WARN_UNUSED_FUNCTION = YES;
				GCC_WARN_UNUSED_VARIABLE = YES;
				MTL_ENABLE_DEBUG_INFO = INCLUDE_SOURCE;
				MTL_FAST_MATH = YES;
				ONLY_ACTIVE_ARCH = YES;
				SWIFT_ACTIVE_COMPILATION_CONDITIONS = DEBUG;
				SWIFT_OPTIMIZATION_LEVEL = "-Onone";
			};
			name = Debug;
		};
		7E319195282384AC00D3012F /* Release */ = {
			isa = XCBuildConfiguration;
			buildSettings = {
				ALWAYS_SEARCH_USER_PATHS = NO;
				CLANG_ANALYZER_NONNULL = YES;
				CLANG_ANALYZER_NUMBER_OBJECT_CONVERSION = YES_AGGRESSIVE;
				CLANG_CXX_LANGUAGE_STANDARD = "gnu++17";
				CLANG_ENABLE_MODULES = YES;
				CLANG_ENABLE_OBJC_ARC = YES;
				CLANG_ENABLE_OBJC_WEAK = YES;
				CLANG_WARN_BLOCK_CAPTURE_AUTORELEASING = YES;
				CLANG_WARN_BOOL_CONVERSION = YES;
				CLANG_WARN_COMMA = YES;
				CLANG_WARN_CONSTANT_CONVERSION = YES;
				CLANG_WARN_DEPRECATED_OBJC_IMPLEMENTATIONS = YES;
				CLANG_WARN_DIRECT_OBJC_ISA_USAGE = YES_ERROR;
				CLANG_WARN_DOCUMENTATION_COMMENTS = YES;
				CLANG_WARN_EMPTY_BODY = YES;
				CLANG_WARN_ENUM_CONVERSION = YES;
				CLANG_WARN_INFINITE_RECURSION = YES;
				CLANG_WARN_INT_CONVERSION = YES;
				CLANG_WARN_NON_LITERAL_NULL_CONVERSION = YES;
				CLANG_WARN_OBJC_IMPLICIT_RETAIN_SELF = YES;
				CLANG_WARN_OBJC_LITERAL_CONVERSION = YES;
				CLANG_WARN_OBJC_ROOT_CLASS = YES_ERROR;
				CLANG_WARN_QUOTED_INCLUDE_IN_FRAMEWORK_HEADER = YES;
				CLANG_WARN_RANGE_LOOP_ANALYSIS = YES;
				CLANG_WARN_STRICT_PROTOTYPES = YES;
				CLANG_WARN_SUSPICIOUS_MOVE = YES;
				CLANG_WARN_UNGUARDED_AVAILABILITY = YES_AGGRESSIVE;
				CLANG_WARN_UNREACHABLE_CODE = YES;
				CLANG_WARN__DUPLICATE_METHOD_MATCH = YES;
				COPY_PHASE_STRIP = NO;
				DEBUG_INFORMATION_FORMAT = "dwarf-with-dsym";
				ENABLE_NS_ASSERTIONS = NO;
				ENABLE_STRICT_OBJC_MSGSEND = YES;
				GCC_C_LANGUAGE_STANDARD = gnu11;
				GCC_NO_COMMON_BLOCKS = YES;
				GCC_WARN_64_TO_32_BIT_CONVERSION = YES;
				GCC_WARN_ABOUT_RETURN_TYPE = YES_ERROR;
				GCC_WARN_UNDECLARED_SELECTOR = YES;
				GCC_WARN_UNINITIALIZED_AUTOS = YES_AGGRESSIVE;
				GCC_WARN_UNUSED_FUNCTION = YES;
				GCC_WARN_UNUSED_VARIABLE = YES;
				MTL_ENABLE_DEBUG_INFO = NO;
				MTL_FAST_MATH = YES;
				SWIFT_COMPILATION_MODE = wholemodule;
				SWIFT_OPTIMIZATION_LEVEL = "-O";
			};
			name = Release;
		};
		7E319197282384AC00D3012F /* Debug */ = {
			isa = XCBuildConfiguration;
			buildSettings = {
				ASSETCATALOG_COMPILER_APPICON_NAME = AppIcon;
				ASSETCATALOG_COMPILER_GLOBAL_ACCENT_COLOR_NAME = AccentColor;
				CODE_SIGN_STYLE = Automatic;
				CURRENT_PROJECT_VERSION = 1;
				ENABLE_PREVIEWS = YES;
				GENERATE_INFOPLIST_FILE = YES;
				INFOPLIST_KEY_UIApplicationSceneManifest_Generation = YES;
				INFOPLIST_KEY_UIApplicationSupportsIndirectInputEvents = YES;
				INFOPLIST_KEY_UILaunchScreen_Generation = YES;
				INFOPLIST_KEY_UISupportedInterfaceOrientations_iPad = "UIInterfaceOrientationPortrait UIInterfaceOrientationPortraitUpsideDown UIInterfaceOrientationLandscapeLeft UIInterfaceOrientationLandscapeRight";
				INFOPLIST_KEY_UISupportedInterfaceOrientations_iPhone = "UIInterfaceOrientationPortrait UIInterfaceOrientationLandscapeLeft UIInterfaceOrientationLandscapeRight";
				IPHONEOS_DEPLOYMENT_TARGET = 15.4;
				LD_RUNPATH_SEARCH_PATHS = (
					"$(inherited)",
					"@executable_path/Frameworks",
				);
				MARKETING_VERSION = 1.0;
				PRODUCT_BUNDLE_IDENTIFIER = Sneifer.ZooGuide;
				PRODUCT_NAME = ZooGuide;
				SDKROOT = iphoneos;
				SWIFT_EMIT_LOC_STRINGS = YES;
				SWIFT_VERSION = 5.0;
				TARGETED_DEVICE_FAMILY = "1,2";
			};
			name = Debug;
		};
		7E319198282384AC00D3012F /* Release */ = {
			isa = XCBuildConfiguration;
			buildSettings = {
				ASSETCATALOG_COMPILER_APPICON_NAME = AppIcon;
				ASSETCATALOG_COMPILER_GLOBAL_ACCENT_COLOR_NAME = AccentColor;
				CODE_SIGN_STYLE = Automatic;
				CURRENT_PROJECT_VERSION = 1;
				ENABLE_PREVIEWS = YES;
				GENERATE_INFOPLIST_FILE = YES;
				INFOPLIST_KEY_UIApplicationSceneManifest_Generation = YES;
				INFOPLIST_KEY_UIApplicationSupportsIndirectInputEvents = YES;
				INFOPLIST_KEY_UILaunchScreen_Generation = YES;
				INFOPLIST_KEY_UISupportedInterfaceOrientations_iPad = "UIInterfaceOrientationPortrait UIInterfaceOrientationPortraitUpsideDown UIInterfaceOrientationLandscapeLeft UIInterfaceOrientationLandscapeRight";
				INFOPLIST_KEY_UISupportedInterfaceOrientations_iPhone = "UIInterfaceOrientationPortrait UIInterfaceOrientationLandscapeLeft UIInterfaceOrientationLandscapeRight";
				IPHONEOS_DEPLOYMENT_TARGET = 15.4;
				LD_RUNPATH_SEARCH_PATHS = (
					"$(inherited)",
					"@executable_path/Frameworks",
				);
				MARKETING_VERSION = 1.0;
				PRODUCT_BUNDLE_IDENTIFIER = Sneifer.ZooGuide;
				PRODUCT_NAME = ZooGuide;
				SDKROOT = iphoneos;
				SWIFT_EMIT_LOC_STRINGS = YES;
				SWIFT_VERSION = 5.0;
				TARGETED_DEVICE_FAMILY = "1,2";
				VALIDATE_PRODUCT = YES;
			};
			name = Release;
		};
		7E31919A282384AC00D3012F /* Debug */ = {
			isa = XCBuildConfiguration;
			buildSettings = {
				ASSETCATALOG_COMPILER_APPICON_NAME = AppIcon;
				ASSETCATALOG_COMPILER_GLOBAL_ACCENT_COLOR_NAME = AccentColor;
				CODE_SIGN_ENTITLEMENTS = macOS/macOS.entitlements;
				CODE_SIGN_STYLE = Automatic;
				COMBINE_HIDPI_IMAGES = YES;
				CURRENT_PROJECT_VERSION = 1;
				ENABLE_PREVIEWS = YES;
				GENERATE_INFOPLIST_FILE = YES;
				INFOPLIST_KEY_NSHumanReadableCopyright = "";
				LD_RUNPATH_SEARCH_PATHS = (
					"$(inherited)",
					"@executable_path/../Frameworks",
				);
				MACOSX_DEPLOYMENT_TARGET = 12.1;
				MARKETING_VERSION = 1.0;
				PRODUCT_BUNDLE_IDENTIFIER = Sneifer.ZooGuide;
				PRODUCT_NAME = ZooGuide;
				SDKROOT = macosx;
				SWIFT_EMIT_LOC_STRINGS = YES;
				SWIFT_VERSION = 5.0;
			};
			name = Debug;
		};
		7E31919B282384AC00D3012F /* Release */ = {
			isa = XCBuildConfiguration;
			buildSettings = {
				ASSETCATALOG_COMPILER_APPICON_NAME = AppIcon;
				ASSETCATALOG_COMPILER_GLOBAL_ACCENT_COLOR_NAME = AccentColor;
				CODE_SIGN_ENTITLEMENTS = macOS/macOS.entitlements;
				CODE_SIGN_STYLE = Automatic;
				COMBINE_HIDPI_IMAGES = YES;
				CURRENT_PROJECT_VERSION = 1;
				ENABLE_PREVIEWS = YES;
				GENERATE_INFOPLIST_FILE = YES;
				INFOPLIST_KEY_NSHumanReadableCopyright = "";
				LD_RUNPATH_SEARCH_PATHS = (
					"$(inherited)",
					"@executable_path/../Frameworks",
				);
				MACOSX_DEPLOYMENT_TARGET = 12.1;
				MARKETING_VERSION = 1.0;
				PRODUCT_BUNDLE_IDENTIFIER = Sneifer.ZooGuide;
				PRODUCT_NAME = ZooGuide;
				SDKROOT = macosx;
				SWIFT_EMIT_LOC_STRINGS = YES;
				SWIFT_VERSION = 5.0;
			};
			name = Release;
		};
/* End XCBuildConfiguration section */

/* Begin XCConfigurationList section */
		7E31917C282384A200D3012F /* Build configuration list for PBXProject "ZooGuide" */ = {
			isa = XCConfigurationList;
			buildConfigurations = (
				7E319194282384AC00D3012F /* Debug */,
				7E319195282384AC00D3012F /* Release */,
			);
			defaultConfigurationIsVisible = 0;
			defaultConfigurationName = Release;
		};
		7E319196282384AC00D3012F /* Build configuration list for PBXNativeTarget "ZooGuide (iOS)" */ = {
			isa = XCConfigurationList;
			buildConfigurations = (
				7E319197282384AC00D3012F /* Debug */,
				7E319198282384AC00D3012F /* Release */,
			);
			defaultConfigurationIsVisible = 0;
			defaultConfigurationName = Release;
		};
		7E319199282384AC00D3012F /* Build configuration list for PBXNativeTarget "ZooGuide (macOS)" */ = {
			isa = XCConfigurationList;
			buildConfigurations = (
				7E31919A282384AC00D3012F /* Debug */,
				7E31919B282384AC00D3012F /* Release */,
			);
			defaultConfigurationIsVisible = 0;
			defaultConfigurationName = Release;
		};
/* End XCConfigurationList section */
	};
	rootObject = 7E319179282384A200D3012F /* Project object */;
}
